
Microsoft Visual Studio Solution File, Format Version 12.00
# Visual Studio Version 17
VisualStudioVersion = 17.0.31903.59
MinimumVisualStudioVersion = 10.0.40219.1
Project("{9A19103F-16F7-4668-BE54-9A1E7A4F7556}") = "ReactTypescriptSPATemplate", "ReactTypescriptSPATemplate\ReactTypescriptSPATemplate.csproj", "{012C21C4-942E-48A4-A764-D8D0AFA47188}"
EndProject
Global
	GlobalSection(SolutionConfigurationPlatforms) = preSolution
		Debug|Any CPU = Debug|Any CPU
		Release|Any CPU = Release|Any CPU
	EndGlobalSection
	GlobalSection(ProjectConfigurationPlatforms) = postSolution
		{012C21C4-942E-48A4-A764-D8D0AFA47188}.Debug|Any CPU.ActiveCfg = Debug|Any CPU
		{012C21C4-942E-48A4-A764-D8D0AFA47188}.Debug|Any CPU.Build.0 = Debug|Any CPU
		{012C21C4-942E-48A4-A764-D8D0AFA47188}.Release|Any CPU.ActiveCfg = Release|Any CPU
		{012C21C4-942E-48A4-A764-D8D0AFA47188}.Release|Any CPU.Build.0 = Release|Any CPU
	EndGlobalSection
	GlobalSection(SolutionProperties) = preSolution
		HideSolutionNode = FALSE
	EndGlobalSection
	GlobalSection(ExtensibilityGlobals) = postSolution
		SolutionGuid = {B75E80AF-3830-4F96-8023-92528F41CABA}
	EndGlobalSection
EndGlobal
